<?xml version="1.0" encoding="utf-8"?>
<Project ToolsVersion="4.0" xmlns="http://schemas.microsoft.com/developer/msbuild/2003">
  <ItemGroup>
    <Filter Include="Source Files">
      <UniqueIdentifier>{4FC737F1-C7A5-4376-A066-2A32D752A2FF}</UniqueIdentifier>
      <Extensions>cpp;c;cc;cxx;def;odl;idl;hpj;bat;asm;asmx</Extensions>
    </Filter>
    <Filter Include="Header Files">
      <UniqueIdentifier>{93995380-89BD-4b04-88EB-625FBE52EBFB}</UniqueIdentifier>
      <Extensions>h;hh;hpp;hxx;hm;inl;inc;ipp;xsd</Extensions>
    </Filter>
    <Filter Include="ImGui">
      <UniqueIdentifier>{428fc954-c067-4292-877f-75e68df3061d}</UniqueIdentifier>
    </Filter>
    <Filter Include="Requestables">
      <UniqueIdentifier>{ea698fb8-29d3-4524-808d-5d109ddafde4}</UniqueIdentifier>
    </Filter>
    <Filter Include="Modules">
      <UniqueIdentifier>{be26e139-5060-494e-9460-713983f2ded4}</UniqueIdentifier>
    </Filter>
    <Filter Include="Modules\Cheats">
      <UniqueIdentifier>{b2db65e6-29cc-4eec-9083-d3f6885a62f9}</UniqueIdentifier>
    </Filter>
    <Filter Include="Modules\Audio">
      <UniqueIdentifier>{7564534f-44ac-4002-925a-6c74ce9b7e05}</UniqueIdentifier>
    </Filter>
    <Filter Include="Modules\Handle Helper">
      <UniqueIdentifier>{f8f56920-70bb-41e1-a4ef-93ce88fabecc}</UniqueIdentifier>
    </Filter>
    <Filter Include="Modules\Scripts">
      <UniqueIdentifier>{7bc33f28-37af-4613-972f-60eb1ea47809}</UniqueIdentifier>
    </Filter>
    <Filter Include="Modules\Lua Console">
      <UniqueIdentifier>{e9d83fc9-b896-4055-b615-dd54bbdc9d32}</UniqueIdentifier>
    </Filter>
    <Filter Include="Modules\Switch">
      <UniqueIdentifier>{970081f7-4787-4f23-8afe-a7d85cf28caf}</UniqueIdentifier>
    </Filter>
    <Filter Include="Modules\Test">
      <UniqueIdentifier>{be531a32-803d-4b9d-a264-0f9e44583bfa}</UniqueIdentifier>
    </Filter>
    <Filter Include="Modules\Mission">
      <UniqueIdentifier>{a282b88b-d789-4f69-abb6-96a8d521b600}</UniqueIdentifier>
    </Filter>
    <Filter Include="Modules\Memory Watcher">
      <UniqueIdentifier>{a8778da9-053a-49cd-9aef-c68360d37fbc}</UniqueIdentifier>
    </Filter>
    <Filter Include="Modules\Comms">
      <UniqueIdentifier>{4659fcf2-47a9-42f1-9f30-8eeaa7a1f23c}</UniqueIdentifier>
    </Filter>
    <Filter Include="UI">
      <UniqueIdentifier>{6a5c57f0-c57b-475a-8200-d712b3a4d8a3}</UniqueIdentifier>
    </Filter>
    <Filter Include="MinHook">
      <UniqueIdentifier>{fd77172f-1000-4d71-ae06-e65e45fb49f5}</UniqueIdentifier>
    </Filter>
    <Filter Include="MinHook\hde">
      <UniqueIdentifier>{6bebb336-1b1b-488a-8b3f-4810d2566370}</UniqueIdentifier>
    </Filter>
  </ItemGroup>
  <ItemGroup>
    <ClCompile Include="main.cpp">
      <Filter>Source Files</Filter>
    </ClCompile>
    <ClCompile Include="script.cpp">
      <Filter>Source Files</Filter>
    </ClCompile>
    <ClCompile Include="mod.cpp">
      <Filter>Modules</Filter>
    </ClCompile>
    <ClCompile Include="utils.cpp">
      <Filter>Source Files</Filter>
    </ClCompile>
    <ClCompile Include="cheats_mod.cpp">
      <Filter>Modules\Cheats</Filter>
    </ClCompile>
    <ClCompile Include="audio_mod.cpp">
      <Filter>Modules\Audio</Filter>
    </ClCompile>
    <ClCompile Include="handle_helper_mod.cpp">
      <Filter>Modules\Handle Helper</Filter>
    </ClCompile>
    <ClCompile Include="scripts_mod.cpp">
      <Filter>Modules\Scripts</Filter>
    </ClCompile>
    <ClCompile Include="gta_script.cpp">
      <Filter>Requestables</Filter>
    </ClCompile>
    <ClCompile Include="model.cpp">
      <Filter>Requestables</Filter>
    </ClCompile>
    <ClCompile Include="anim_dict.cpp">
      <Filter>Requestables</Filter>
    </ClCompile>
    <ClCompile Include="lua_console_mod.cpp">
      <Filter>Modules\Lua Console</Filter>
    </ClCompile>
    <ClCompile Include="lua_engine.cpp">
      <Filter>Source Files</Filter>
    </ClCompile>
    <ClCompile Include="player_switch_mod.cpp">
      <Filter>Modules\Switch</Filter>
    </ClCompile>
    <ClCompile Include="test_mod.cpp">
      <Filter>Modules\Test</Filter>
    </ClCompile>
    <ClCompile Include="mission_mod.cpp">
      <Filter>Modules\Mission</Filter>
    </ClCompile>
    <ClCompile Include="mission_helper.cpp">
      <Filter>Modules\Cheats</Filter>
    </ClCompile>
    <ClCompile Include="watch_entry.cpp">
      <Filter>Modules\Memory Watcher</Filter>
    </ClCompile>
    <ClCompile Include="mem_watcher_mod.cpp">
      <Filter>Modules\Memory Watcher</Filter>
    </ClCompile>
    <ClCompile Include="comms_mod.cpp">
      <Filter>Modules\Comms</Filter>
    </ClCompile>
    <ClCompile Include="strangers_and_freaks_names.cpp">
      <Filter>Modules\Mission</Filter>
    </ClCompile>
    <ClCompile Include="imgui_extras.cpp">
      <Filter>Source Files</Filter>
    </ClCompile>
    <ClCompile Include="user_settings.cpp">
      <Filter>Source Files</Filter>
    </ClCompile>
    <ClCompile Include="..\Libraries\imgui\imgui_tables.cpp">
      <Filter>ImGui</Filter>
    </ClCompile>
    <ClCompile Include="..\Libraries\imgui\imgui_widgets.cpp">
      <Filter>ImGui</Filter>
    </ClCompile>
    <ClCompile Include="..\Libraries\imgui\imgui.cpp">
      <Filter>ImGui</Filter>
    </ClCompile>
    <ClCompile Include="..\Libraries\imgui\imgui_draw.cpp">
      <Filter>ImGui</Filter>
    </ClCompile>
    <ClCompile Include="..\Libraries\imgui\backends\imgui_impl_win32.cpp">
      <Filter>ImGui</Filter>
    </ClCompile>
    <ClCompile Include="widgets.cpp">
      <Filter>UI</Filter>
    </ClCompile>
    <ClCompile Include="..\Libraries\imgui\backends\imgui_impl_dx12.cpp">
      <Filter>Source Files</Filter>
    </ClCompile>
    <ClCompile Include="..\Libraries\imgui\backends\imgui_impl_vulkan.cpp">
      <Filter>Source Files</Filter>
    </ClCompile>
    <ClCompile Include="UniversalHookX\console\console.cpp">
      <Filter>Source Files</Filter>
    </ClCompile>
    <ClCompile Include="UniversalHookX\hooks\backend\dx10\hook_directx10.cpp">
      <Filter>Source Files</Filter>
    </ClCompile>
    <ClCompile Include="UniversalHookX\hooks\backend\dx11\hook_directx11.cpp">
      <Filter>Source Files</Filter>
    </ClCompile>
    <ClCompile Include="UniversalHookX\hooks\backend\dx12\hook_directx12.cpp">
      <Filter>Source Files</Filter>
    </ClCompile>
    <ClCompile Include="UniversalHookX\hooks\backend\dx9\hook_directx9.cpp">
      <Filter>Source Files</Filter>
    </ClCompile>
    <ClCompile Include="UniversalHookX\hooks\backend\opengl\hook_opengl.cpp">
      <Filter>Source Files</Filter>
    </ClCompile>
    <ClCompile Include="UniversalHookX\hooks\backend\vulkan\hook_vulkan.cpp">
      <Filter>Source Files</Filter>
    </ClCompile>
    <ClCompile Include="UniversalHookX\hooks\hooks.cpp">
      <Filter>Source Files</Filter>
    </ClCompile>
    <ClCompile Include="UniversalHookX\utils\utils_hook.cpp">
      <Filter>Source Files</Filter>
    </ClCompile>
    <ClCompile Include="..\Libraries\minhook\buffer.c">
      <Filter>MinHook</Filter>
    </ClCompile>
    <ClCompile Include="..\Libraries\minhook\hook.c">
      <Filter>MinHook</Filter>
    </ClCompile>
    <ClCompile Include="..\Libraries\minhook\trampoline.c">
      <Filter>MinHook</Filter>
    </ClCompile>
    <ClCompile Include="..\Libraries\minhook\hde\hde32.c">
      <Filter>MinHook\hde</Filter>
    </ClCompile>
    <ClCompile Include="..\Libraries\minhook\hde\hde64.c">
      <Filter>MinHook\hde</Filter>
    </ClCompile>
    <ClCompile Include="..\Libraries\imgui\imgui_demo.cpp">
      <Filter>Source Files</Filter>
    </ClCompile>
    <ClCompile Include="menu.cpp">
      <Filter>Source Files</Filter>
    </ClCompile>
    <ClCompile Include="scanner.cpp">
      <Filter>Source Files</Filter>
    </ClCompile>
  </ItemGroup>
  <ItemGroup>
    <ClInclude Include="script.h">
      <Filter>Header Files</Filter>
    </ClInclude>
    <ClInclude Include="mod.h">
      <Filter>Modules</Filter>
    </ClInclude>
    <ClInclude Include="utils.h">
      <Filter>Header Files</Filter>
    </ClInclude>
    <ClInclude Include="cheats_mod.h">
      <Filter>Modules\Cheats</Filter>
    </ClInclude>
    <ClInclude Include="audio_mod.h">
      <Filter>Modules\Audio</Filter>
    </ClInclude>
    <ClInclude Include="handle_helper_mod.h">
      <Filter>Modules\Handle Helper</Filter>
    </ClInclude>
    <ClInclude Include="scripts_mod.h">
      <Filter>Modules\Scripts</Filter>
    </ClInclude>
    <ClInclude Include="gta_script.h">
      <Filter>Requestables</Filter>
    </ClInclude>
    <ClInclude Include="model.h">
      <Filter>Requestables</Filter>
    </ClInclude>
    <ClInclude Include="anim_dict.h">
      <Filter>Requestables</Filter>
    </ClInclude>
    <ClInclude Include="lua_console_mod.h">
      <Filter>Modules\Lua Console</Filter>
    </ClInclude>
    <ClInclude Include="audio_scenes.h">
      <Filter>Modules\Audio</Filter>
    </ClInclude>
    <ClInclude Include="music_events.h">
      <Filter>Modules\Audio</Filter>
    </ClInclude>
    <ClInclude Include="player_switch_mod.h">
      <Filter>Modules\Switch</Filter>
    </ClInclude>
    <ClInclude Include="test_mod.h">
      <Filter>Modules\Test</Filter>
    </ClInclude>
    <ClInclude Include="mission_mod.h">
      <Filter>Modules\Mission</Filter>
    </ClInclude>
    <ClInclude Include="mission_helper.h">
      <Filter>Modules\Cheats</Filter>
    </ClInclude>
    <ClInclude Include="input_controls.h">
      <Filter>Modules\Cheats</Filter>
    </ClInclude>
    <ClInclude Include="script_infos.h">
      <Filter>Modules\Scripts</Filter>
    </ClInclude>
    <ClInclude Include="script_names.h">
      <Filter>Modules\Scripts</Filter>
    </ClInclude>
    <ClInclude Include="global_id.h">
      <Filter>Header Files</Filter>
    </ClInclude>
    <ClInclude Include="watch_entry.h">
      <Filter>Modules\Memory Watcher</Filter>
    </ClInclude>
    <ClInclude Include="mem_watcher_mod.h">
      <Filter>Modules\Memory Watcher</Filter>
    </ClInclude>
    <ClInclude Include="comms_mod.h">
      <Filter>Modules\Comms</Filter>
    </ClInclude>
    <ClInclude Include="strangers_and_freaks_names.h">
      <Filter>Modules\Mission</Filter>
    </ClInclude>
    <ClInclude Include="imgui_extras.h">
      <Filter>Header Files</Filter>
    </ClInclude>
    <ClInclude Include="user_settings.h">
      <Filter>Header Files</Filter>
    </ClInclude>
    <ClInclude Include="..\Libraries\imgui\imgui_internal.h">
      <Filter>ImGui</Filter>
    </ClInclude>
    <ClInclude Include="..\Libraries\imgui\imstb_rectpack.h">
      <Filter>ImGui</Filter>
    </ClInclude>
    <ClInclude Include="..\Libraries\imgui\imstb_textedit.h">
      <Filter>ImGui</Filter>
    </ClInclude>
    <ClInclude Include="..\Libraries\imgui\imstb_truetype.h">
      <Filter>ImGui</Filter>
    </ClInclude>
    <ClInclude Include="..\Libraries\imgui\imconfig.h">
      <Filter>ImGui</Filter>
    </ClInclude>
    <ClInclude Include="..\Libraries\imgui\imgui.h">
      <Filter>ImGui</Filter>
    </ClInclude>
    <ClInclude Include="..\Libraries\imgui\backends\imgui_impl_win32.h">
      <Filter>ImGui</Filter>
    </ClInclude>
    <ClInclude Include="switch_anim_dict_names.h">
      <Filter>Header Files</Filter>
    </ClInclude>
    <ClInclude Include="vehicle_names.h">
      <Filter>Modules\Cheats</Filter>
    </ClInclude>
    <ClInclude Include="widgets.h">
      <Filter>UI</Filter>
    </ClInclude>
    <ClInclude Include="vectors.h">
      <Filter>Header Files</Filter>
    </ClInclude>
    <ClInclude Include="..\Libraries\imgui\backends\imgui_impl_dx12.h">
      <Filter>Header Files</Filter>
    </ClInclude>
    <ClInclude Include="..\Libraries\imgui\backends\imgui_impl_vulkan.h">
      <Filter>Header Files</Filter>
    </ClInclude>
    <ClInclude Include="..\Libraries\ScriptHookRDR2_SDK\inc\main.h">
      <Filter>Header Files</Filter>
    </ClInclude>
    <ClInclude Include="..\Libraries\ScriptHookRDR2_SDK\inc\enums.h">
      <Filter>Header Files</Filter>
    </ClInclude>
    <ClInclude Include="..\Libraries\ScriptHookRDR2_SDK\inc\natives.h">
      <Filter>Header Files</Filter>
    </ClInclude>
    <ClInclude Include="..\Libraries\ScriptHookRDR2_SDK\inc\types.h">
      <Filter>Header Files</Filter>
    </ClInclude>
    <ClInclude Include="UniversalHookX\backend.hpp">
      <Filter>Header Files</Filter>
    </ClInclude>
    <ClInclude Include="UniversalHookX\console\console.hpp">
      <Filter>Header Files</Filter>
    </ClInclude>
    <ClInclude Include="UniversalHookX\hooks\backend\dx10\hook_directx10.hpp">
      <Filter>Header Files</Filter>
    </ClInclude>
    <ClInclude Include="UniversalHookX\hooks\backend\dx11\hook_directx11.hpp">
      <Filter>Header Files</Filter>
    </ClInclude>
    <ClInclude Include="UniversalHookX\hooks\backend\dx12\hook_directx12.hpp">
      <Filter>Header Files</Filter>
    </ClInclude>
    <ClInclude Include="UniversalHookX\hooks\backend\dx9\hook_directx9.hpp">
      <Filter>Header Files</Filter>
    </ClInclude>
    <ClInclude Include="UniversalHookX\hooks\backend\opengl\hook_opengl.hpp">
      <Filter>Header Files</Filter>
    </ClInclude>
    <ClInclude Include="UniversalHookX\hooks\backend\vulkan\hook_vulkan.hpp">
      <Filter>Header Files</Filter>
    </ClInclude>
    <ClInclude Include="UniversalHookX\hooks\hooks.hpp">
      <Filter>Header Files</Filter>
    </ClInclude>
    <ClInclude Include="UniversalHookX\utils\utils.hpp">
      <Filter>Header Files</Filter>
    </ClInclude>
    <ClInclude Include="..\Libraries\minhook\buffer.h">
      <Filter>MinHook</Filter>
    </ClInclude>
    <ClInclude Include="..\Libraries\minhook\MinHook.h">
      <Filter>MinHook</Filter>
    </ClInclude>
    <ClInclude Include="..\Libraries\minhook\trampoline.h">
      <Filter>MinHook</Filter>
    </ClInclude>
    <ClInclude Include="..\Libraries\minhook\hde\hde32.h">
      <Filter>MinHook\hde</Filter>
    </ClInclude>
    <ClInclude Include="..\Libraries\minhook\hde\hde64.h">
      <Filter>MinHook\hde</Filter>
    </ClInclude>
    <ClInclude Include="..\Libraries\minhook\hde\pstdint.h">
      <Filter>MinHook\hde</Filter>
    </ClInclude>
    <ClInclude Include="..\Libraries\minhook\hde\table32.h">
      <Filter>MinHook\hde</Filter>
    </ClInclude>
    <ClInclude Include="..\Libraries\minhook\hde\table64.h">
      <Filter>MinHook\hde</Filter>
    </ClInclude>
    <ClInclude Include="menu.hpp">
      <Filter>Header Files</Filter>
    </ClInclude>
    <ClInclude Include="rage.h">
      <Filter>Header Files</Filter>
    </ClInclude>
    <ClInclude Include="scanner.h">
      <Filter>Header Files</Filter>
    </ClInclude>
    <ClInclude Include="atArray.h">
      <Filter>Header Files</Filter>
    </ClInclude>
  </ItemGroup>
  <ItemGroup>
    <None Include="lua_engine.h">
      <Filter>Header Files</Filter>
    </None>
  </ItemGroup>
</Project>